// !$*UTF8*$!
{
	archiveVersion = 1;
	classes = {
	};
	objectVersion = 46;
	objects = {

/* Begin PBXBuildFile section */
		04B400A81CAA143D007E6747 /* README.md in Sources */ = {isa = PBXBuildFile; fileRef = 04B400A71CAA143D007E6747 /* README.md */; };
		04CCF1CB1CA9192F00D628BB /* main.m in Sources */ = {isa = PBXBuildFile; fileRef = 04CCF1CA1CA9192F00D628BB /* main.m */; };
		04CCF1CE1CA9192F00D628BB /* AppDelegate.m in Sources */ = {isa = PBXBuildFile; fileRef = 04CCF1CD1CA9192F00D628BB /* AppDelegate.m */; };
		04CCF1D11CA9192F00D628BB /* ViewController.m in Sources */ = {isa = PBXBuildFile; fileRef = 04CCF1D01CA9192F00D628BB /* ViewController.m */; };
		04CCF1D41CA9192F00D628BB /* Main.storyboard in Resources */ = {isa = PBXBuildFile; fileRef = 04CCF1D21CA9192F00D628BB /* Main.storyboard */; };
		04CCF1D61CA9192F00D628BB /* Assets.xcassets in Resources */ = {isa = PBXBuildFile; fileRef = 04CCF1D51CA9192F00D628BB /* Assets.xcassets */; };
		04CCF1D91CA9192F00D628BB /* LaunchScreen.storyboard in Resources */ = {isa = PBXBuildFile; fileRef = 04CCF1D71CA9192F00D628BB /* LaunchScreen.storyboard */; };
		04CCF1E61CA91B1200D628BB /* FNNumberPadTextField.m in Sources */ = {isa = PBXBuildFile; fileRef = 04CCF1E51CA91B1200D628BB /* FNNumberPadTextField.m */; };
		04CCF1E91CA91B7E00D628BB /* FNTextFieldLimit.m in Sources */ = {isa = PBXBuildFile; fileRef = 04CCF1E81CA91B7E00D628BB /* FNTextFieldLimit.m */; };
/* End PBXBuildFile section */

/* Begin PBXFileReference section */
		04B400A71CAA143D007E6747 /* README.md */ = {isa = PBXFileReference; fileEncoding = 4; lastKnownFileType = net.daringfireball.markdown; path = README.md; sourceTree = "<group>"; };
		04CCF1C61CA9192F00D628BB /* NumberPadDemo.app */ = {isa = PBXFileReference; explicitFileType = wrapper.application; includeInIndex = 0; path = NumberPadDemo.app; sourceTree = BUILT_PRODUCTS_DIR; };
		04CCF1CA1CA9192F00D628BB /* main.m */ = {isa = PBXFileReference; lastKnownFileType = sourcecode.c.objc; path = main.m; sourceTree = "<group>"; };
		04CCF1CC1CA9192F00D628BB /* AppDelegate.h */ = {isa = PBXFileReference; lastKnownFileType = sourcecode.c.h; path = AppDelegate.h; sourceTree = "<group>"; };
		04CCF1CD1CA9192F00D628BB /* AppDelegate.m */ = {isa = PBXFileReference; lastKnownFileType = sourcecode.c.objc; path = AppDelegate.m; sourceTree = "<group>"; };
		04CCF1CF1CA9192F00D628BB /* ViewController.h */ = {isa = PBXFileReference; lastKnownFileType = sourcecode.c.h; path = ViewController.h; sourceTree = "<group>"; };
		04CCF1D01CA9192F00D628BB /* ViewController.m */ = {isa = PBXFileReference; lastKnownFileType = sourcecode.c.objc; path = ViewController.m; sourceTree = "<group>"; };
		04CCF1D31CA9192F00D628BB /* Base */ = {isa = PBXFileReference; lastKnownFileType = file.storyboard; name = Base; path = Base.lproj/Main.storyboard; sourceTree = "<group>"; };
		04CCF1D51CA9192F00D628BB /* Assets.xcassets */ = {isa = PBXFileReference; lastKnownFileType = folder.assetcatalog; path = Assets.xcassets; sourceTree = "<group>"; };
		04CCF1D81CA9192F00D628BB /* Base */ = {isa = PBXFileReference; lastKnownFileType = file.storyboard; name = Base; path = Base.lproj/LaunchScreen.storyboard; sourceTree = "<group>"; };
		04CCF1DA1CA9192F00D628BB /* Info.plist */ = {isa = PBXFileReference; lastKnownFileType = text.plist.xml; path = Info.plist; sourceTree = "<group>"; };
		04CCF1E41CA91B1200D628BB /* FNNumberPadTextField.h */ = {isa = PBXFileReference; fileEncoding = 4; lastKnownFileType = sourcecode.c.h; path = FNNumberPadTextField.h; sourceTree = "<group>"; };
		04CCF1E51CA91B1200D628BB /* FNNumberPadTextField.m */ = {isa = PBXFileReference; fileEncoding = 4; lastKnownFileType = sourcecode.c.objc; path = FNNumberPadTextField.m; sourceTree = "<group>"; };
		04CCF1E71CA91B7E00D628BB /* FNTextFieldLimit.h */ = {isa = PBXFileReference; fileEncoding = 4; lastKnownFileType = sourcecode.c.h; path = FNTextFieldLimit.h; sourceTree = "<group>"; };
		04CCF1E81CA91B7E00D628BB /* FNTextFieldLimit.m */ = {isa = PBXFileReference; fileEncoding = 4; lastKnownFileType = sourcecode.c.objc; path = FNTextFieldLimit.m; sourceTree = "<group>"; };
/* End PBXFileReference section */

/* Begin PBXFrameworksBuildPhase section */
		04CCF1C31CA9192F00D628BB /* Frameworks */ = {
			isa = PBXFrameworksBuildPhase;
			buildActionMask = 2147483647;
			files = (
			);
			runOnlyForDeploymentPostprocessing = 0;
		};
/* End PBXFrameworksBuildPhase section */

/* Begin PBXGroup section */
		04CCF1BD1CA9192F00D628BB = {
			isa = PBXGroup;
			children = (
				04CCF1C81CA9192F00D628BB /* NumberPadDemo */,
				04CCF1C71CA9192F00D628BB /* Products */,
			);
			sourceTree = "<group>";
		};
		04CCF1C71CA9192F00D628BB /* Products */ = {
			isa = PBXGroup;
			children = (
				04CCF1C61CA9192F00D628BB /* NumberPadDemo.app */,
			);
			name = Products;
			sourceTree = "<group>";
		};
		04CCF1C81CA9192F00D628BB /* NumberPadDemo */ = {
			isa = PBXGroup;
			children = (
				04CCF1E31CA91B1200D628BB /* NumberPadTextField */,
				04CCF1CC1CA9192F00D628BB /* AppDelegate.h */,
				04CCF1CD1CA9192F00D628BB /* AppDelegate.m */,
				04CCF1CF1CA9192F00D628BB /* ViewController.h */,
				04CCF1D01CA9192F00D628BB /* ViewController.m */,
				04CCF1D21CA9192F00D628BB /* Main.storyboard */,
				04CCF1D51CA9192F00D628BB /* Assets.xcassets */,
				04CCF1D71CA9192F00D628BB /* LaunchScreen.storyboard */,
				04CCF1DA1CA9192F00D628BB /* Info.plist */,
				04CCF1C91CA9192F00D628BB /* Supporting Files */,
			);
			path = NumberPadDemo;
			sourceTree = "<group>";
		};
		04CCF1C91CA9192F00D628BB /* Supporting Files */ = {
			isa = PBXGroup;
			children = (
				04B400A71CAA143D007E6747 /* README.md */,
				04CCF1CA1CA9192F00D628BB /* main.m */,
			);
			name = "Supporting Files";
			sourceTree = "<group>";
		};
		04CCF1E31CA91B1200D628BB /* NumberPadTextField */ = {
			isa = PBXGroup;
			children = (
				04CCF1E41CA91B1200D628BB /* FNNumberPadTextField.h */,
				04CCF1E51CA91B1200D628BB /* FNNumberPadTextField.m */,
				04CCF1E71CA91B7E00D628BB /* FNTextFieldLimit.h */,
				04CCF1E81CA91B7E00D628BB /* FNTextFieldLimit.m */,
			);
			path = NumberPadTextField;
			sourceTree = "<group>";
		};
/* End PBXGroup section */

/* Begin PBXNativeTarget section */
		04CCF1C51CA9192F00D628BB /* NumberPadDemo */ = {
			isa = PBXNativeTarget;
			buildConfigurationList = 04CCF1DD1CA9192F00D628BB /* Build configuration list for PBXNativeTarget "NumberPadDemo" */;
			buildPhases = (
				04CCF1C21CA9192F00D628BB /* Sources */,
				04CCF1C31CA9192F00D628BB /* Frameworks */,
				04CCF1C41CA9192F00D628BB /* Resources */,
			);
			buildRules = (
			);
			dependencies = (
			);
			name = NumberPadDemo;
			productName = NumberPadDemo;
			productReference = 04CCF1C61CA9192F00D628BB /* NumberPadDemo.app */;
			productType = "com.apple.product-type.application";
		};
/* End PBXNativeTarget section */

/* Begin PBXProject section */
		04CCF1BE1CA9192F00D628BB /* Project object */ = {
			isa = PBXProject;
			attributes = {
				LastUpgradeCheck = 0720;
				ORGANIZATIONNAME = Fly;
				TargetAttributes = {
					04CCF1C51CA9192F00D628BB = {
						CreatedOnToolsVersion = 7.2.1;
						DevelopmentTeam = 7J79ASE48B;
					};
				};
			};
			buildConfigurationList = 04CCF1C11CA9192F00D628BB /* Build configuration list for PBXProject "NumberPadDemo" */;
			compatibilityVersion = "Xcode 3.2";
			developmentRegion = English;
			hasScannedForEncodings = 0;
			knownRegions = (
				en,
				Base,
			);
			mainGroup = 04CCF1BD1CA9192F00D628BB;
			productRefGroup = 04CCF1C71CA9192F00D628BB /* Products */;
			projectDirPath = "";
			projectRoot = "";
			targets = (
				04CCF1C51CA9192F00D628BB /* NumberPadDemo */,
			);
		};
/* End PBXProject section */

/* Begin PBXResourcesBuildPhase section */
		04CCF1C41CA9192F00D628BB /* Resources */ = {
			isa = PBXResourcesBuildPhase;
			buildActionMask = 2147483647;
			files = (
				04CCF1D91CA9192F00D628BB /* LaunchScreen.storyboard in Resources */,
				04CCF1D61CA9192F00D628BB /* Assets.xcassets in Resources */,
				04CCF1D41CA9192F00D628BB /* Main.storyboard in Resources */,
			);
			runOnlyForDeploymentPostprocessing = 0;
		};
/* End PBXResourcesBuildPhase section */

/* Begin PBXSourcesBuildPhase section */
		04CCF1C21CA9192F00D628BB /* Sources */ = {
			isa = PBXSourcesBuildPhase;
			buildActionMask = 2147483647;
			files = (
				04B400A81CAA143D007E6747 /* README.md in Sources */,
				04CCF1D11CA9192F00D628BB /* ViewController.m in Sources */,
				04CCF1CE1CA9192F00D628BB /* AppDelegate.m in Sources */,
				04CCF1E61CA91B1200D628BB /* FNNumberPadTextField.m in Sources */,
				04CCF1CB1CA9192F00D628BB /* main.m in Sources */,
				04CCF1E91CA91B7E00D628BB /* FNTextFieldLimit.m in Sources */,
			);
			runOnlyForDeploymentPostprocessing = 0;
		};
/* End PBXSourcesBuildPhase section */

/* Begin PBXVariantGroup section */
		04CCF1D21CA9192F00D628BB /* Main.storyboard */ = {
			isa = PBXVariantGroup;
			children = (
				04CCF1D31CA9192F00D628BB /* Base */,
			);
			name = Main.storyboard;
			sourceTree = "<group>";
		};
		04CCF1D71CA9192F00D628BB /* LaunchScreen.storyboard */ = {
			isa = PBXVariantGroup;
			children = (
				04CCF1D81CA9192F00D628BB /* Base */,
			);
			name = LaunchScreen.storyboard;
			sourceTree = "<group>";
		};
/* End PBXVariantGroup section */

/* Begin XCBuildConfiguration section */
		04CCF1DB1CA9192F00D628BB /* Debug */ = {
			isa = XCBuildConfiguration;
			buildSettings = {
				ALWAYS_SEARCH_USER_PATHS = NO;
				CLANG_CXX_LANGUAGE_STANDARD = "gnu++0x";
				CLANG_CXX_LIBRARY = "libc++";
				CLANG_ENABLE_MODULES = YES;
				CLANG_ENABLE_OBJC_ARC = YES;
				CLANG_WARN_BOOL_CONVERSION = YES;
				CLANG_WARN_CONSTANT_CONVERSION = YES;
				CLANG_WARN_DIRECT_OBJC_ISA_USAGE = YES_ERROR;
				CLANG_WARN_EMPTY_BODY = YES;
				CLANG_WARN_ENUM_CONVERSION = YES;
				CLANG_WARN_INT_CONVERSION = YES;
				CLANG_WARN_OBJC_ROOT_CLASS = YES_ERROR;
				CLANG_WARN_UNREACHABLE_CODE = YES;
				CLANG_WARN__DUPLICATE_METHOD_MATCH = YES;
				"CODE_SIGN_IDENTITY[sdk=iphoneos*]" = "iPhone Developer";
				COPY_PHASE_STRIP = NO;
				DEBUG_INFORMATION_FORMAT = dwarf;
				ENABLE_STRICT_OBJC_MSGSEND = YES;
				ENABLE_TESTABILITY = YES;
				GCC_C_LANGUAGE_STANDARD = gnu99;
				GCC_DYNAMIC_NO_PIC = NO;
				GCC_NO_COMMON_BLOCKS = YES;
				GCC_OPTIMIZATION_LEVEL = 0;
				GCC_PREPROCESSOR_DEFINITIONS = (
					"DEBUG=1",
					"$(inherited)",
				);
				GCC_WARN_64_TO_32_BIT_CONVERSION = YES;
				GCC_WARN_ABOUT_RETURN_TYPE = YES_ERROR;
				GCC_WARN_UNDECLARED_SELECTOR = YES;
				GCC_WARN_UNINITIALIZED_AUTOS = YES_AGGRESSIVE;
				GCC_WARN_UNUSED_FUNCTION = YES;
				GCC_WARN_UNUSED_VARIABLE = YES;
				IPHONEOS_DEPLOYMENT_TARGET = 9.2;
				MTL_ENABLE_DEBUG_INFO = YES;
				ONLY_ACTIVE_ARCH = YES;
				SDKROOT = iphoneos;
			};
			name = Debug;
		};
		04CCF1DC1CA9192F00D628BB /* Release */ = {
			isa = XCBuildConfiguration;
			buildSettings = {
				ALWAYS_SEARCH_USER_PATHS = NO;
				CLANG_CXX_LANGUAGE_STANDARD = "gnu++0x";
				CLANG_CXX_LIBRARY = "libc++";
				CLANG_ENABLE_MODULES = YES;
				CLANG_ENABLE_OBJC_ARC = YES;
				CLANG_WARN_BOOL_CONVERSION = YES;
				CLANG_WARN_CONSTANT_CONVERSION = YES;
				CLANG_WARN_DIRECT_OBJC_ISA_USAGE = YES_ERROR;
				CLANG_WARN_EMPTY_BODY = YES;
				CLANG_WARN_ENUM_CONVERSION = YES;
				CLANG_WARN_INT_CONVERSION = YES;
				CLANG_WARN_OBJC_ROOT_CLASS = YES_ERROR;
				CLANG_WARN_UNREACHABLE_CODE = YES;
				CLANG_WARN__DUPLICATE_METHOD_MATCH = YES;
				"CODE_SIGN_IDENTITY[sdk=iphoneos*]" = "iPhone Developer";
				COPY_PHASE_STRIP = NO;
				DEBUG_INFORMATION_FORMAT = "dwarf-with-dsym";
				ENABLE_NS_ASSERTIONS = NO;
				ENABLE_STRICT_OBJC_MSGSEND = YES;
				GCC_C_LANGUAGE_STANDARD = gnu99;
				GCC_NO_COMMON_BLOCKS = YES;
				GCC_WARN_64_TO_32_BIT_CONVERSION = YES;
				GCC_WARN_ABOUT_RETURN_TYPE = YES_ERROR;
				GCC_WARN_UNDECLARED_SELECTOR = YES;
				GCC_WARN_UNINITIALIZED_AUTOS = YES_AGGRESSIVE;
				GCC_WARN_UNUSED_FUNCTION = YES;
				GCC_WARN_UNUSED_VARIABLE = YES;
				IPHONEOS_DEPLOYMENT_TARGET = 9.2;
				MTL_ENABLE_DEBUG_INFO = NO;
				SDKROOT = iphoneos;
				VALIDATE_PRODUCT = YES;
			};
			name = Release;
		};
		04CCF1DE1CA9192F00D628BB /* Debug */ = {
			isa = XCBuildConfiguration;
			buildSettings = {
				ASSETCATALOG_COMPILER_APPICON_NAME = AppIcon;
				CODE_SIGN_IDENTITY = "iPhone Developer";
				INFOPLIST_FILE = NumberPadDemo/Info.plist;
				IPHONEOS_DEPLOYMENT_TARGET = 7.0;
				LD_RUNPATH_SEARCH_PATHS = "$(inherited) @executable_path/Frameworks";
				PRODUCT_BUNDLE_IDENTIFIER = com.moxian.NumberPadDemo;
				PRODUCT_NAME = "$(TARGET_NAME)";
			};
			name = Debug;
		};
		04CCF1DF1CA9192F00D628BB /* Release */ = {
			isa = XCBuildConfiguration;
			buildSettings = {
				ASSETCATALOG_COMPILER_APPICON_NAME = AppIcon;
				CODE_SIGN_IDENTITY = "iPhone Developer";
				INFOPLIST_FILE = NumberPadDemo/Info.plist;
				IPHONEOS_DEPLOYMENT_TARGET = 7.0;
				LD_RUNPATH_SEARCH_PATHS = "$(inherited) @executable_path/Frameworks";
				PRODUCT_BUNDLE_IDENTIFIER = com.moxian.NumberPadDemo;
				PRODUCT_NAME = "$(TARGET_NAME)";
			};
			name = Release;
		};
/* End XCBuildConfiguration section */

/* Begin XCConfigurationList section */
		04CCF1C11CA9192F00D628BB /* Build configuration list for PBXProject "NumberPadDemo" */ = {
			isa = XCConfigurationList;
			buildConfigurations = (
				04CCF1DB1CA9192F00D628BB /* Debug */,
				04CCF1DC1CA9192F00D628BB /* Release */,
			);
			defaultConfigurationIsVisible = 0;
			defaultConfigurationName = Release;
		};
		04CCF1DD1CA9192F00D628BB /* Build configuration list for PBXNativeTarget "NumberPadDemo" */ = {
			isa = XCConfigurationList;
			buildConfigurations = (
				04CCF1DE1CA9192F00D628BB /* Debug */,
				04CCF1DF1CA9192F00D628BB /* Release */,
			);
			defaultConfigurationIsVisible = 0;
			defaultConfigurationName = Release;
		};
/* End XCConfigurationList section */
	};
	rootObject = 04CCF1BE1CA9192F00D628BB /* Project object */;
}
